{
  "nodes": {
    "grub2-themes": {
      "inputs": {
        "nixpkgs": "nixpkgs"
      },
      "locked": {
        "lastModified": 1734412921,
        "narHash": "sha256-JeMqc7lLowKn6klrCcOkcOg38yNqF7MPbN4Elh6Xvq0=",
        "owner": "vinceliuice",
        "repo": "grub2-themes",
        "rev": "f6ab2438e124f60a340a526543e498e5e33b3c53",
        "type": "github"
      },
      "original": {
        "owner": "vinceliuice",
        "repo": "grub2-themes",
        "type": "github"
      }
    },
    "nixpkgs": {
      "locked": {
        "lastModified": 1747337996,
        "narHash": "sha256-unqdJ5ghIoZUV9jOnjkLanu+CJXJNjx4ORTtt8KX3eU=",
        "owner": "NixOS",
        "repo": "nixpkgs",
        "rev": "5b168317149fcd19b35f9c9ff0889fef6c179eb5",
        "type": "github"
      },
      "original": {
        "owner": "NixOS",
        "ref": "master",
        "repo": "nixpkgs",
        "type": "github"
      }
    },
    "nixpkgsStable": {
      "locked": {
        "lastModified": 1747209494,
        "narHash": "sha256-fLise+ys+bpyjuUUkbwqo5W/UyIELvRz9lPBPoB0fbM=",
        "owner": "nixos",
        "repo": "nixpkgs",
        "rev": "5d736263df906c5da72ab0f372427814de2f52f8",
        "type": "github"
      },
      "original": {
        "owner": "nixos",
        "ref": "nixos-24.11",
        "repo": "nixpkgs",
        "type": "github"
      }
    },
    "nixpkgs_2": {
      "locked": {
        "lastModified": 1747179050,
        "narHash": "sha256-qhFMmDkeJX9KJwr5H32f1r7Prs7XbQWtO0h3V0a0rFY=",
        "owner": "nixos",
        "repo": "nixpkgs",
        "rev": "adaa24fbf46737f3f1b5497bf64bae750f82942e",
        "type": "github"
      },
      "original": {
        "owner": "nixos",
        "ref": "nixos-unstable",
        "repo": "nixpkgs",
        "type": "github"
      }
    },
    "root": {
      "inputs": {
        "grub2-themes": "grub2-themes",
        "nixpkgs": "nixpkgs_2",
        "nixpkgsStable": "nixpkgsStable",
        "spicetify-nix": "spicetify-nix"
      }
    },
    "spicetify-nix": {
      "inputs": {
        "nixpkgs": [
          "nixpkgs"
        ],
        "systems": "systems"
      },
      "locked": {
        "lastModified": 1746937129,
        "narHash": "sha256-Dx/YpnRridWnxF0Xpz9FUP3kl/m2QAOM2BM3KNls3sk=",
        "owner": "Gerg-L",
        "repo": "spicetify-nix",
        "rev": "8f1c5c34cf5f99e1d7197d6d9fa7dd44f00966f0",
        "type": "github"
      },
      "original": {
        "owner": "Gerg-L",
        "repo": "spicetify-nix",
        "type": "github"
      }
    },
    "systems": {
      "locked": {
        "lastModified": 1681028828,
        "narHash": "sha256-Vy1rq5AaRuLzOxct8nz4T6wlgyUR7zLU309k9mBC768=",
        "owner": "nix-systems",
        "repo": "default",
        "rev": "da67096a3b9bf56a91d16901293e51ba5b49a27e",
        "type": "github"
      },
      "original": {
        "owner": "nix-systems",
        "repo": "default",
        "type": "github"
      }
    }
  },
  "root": "root",
  "version": 7
}
